
Microsoft Visual Studio Solution File, Format Version 12.00
# Visual Studio 15
VisualStudioVersion = 15.0.28010.2003
MinimumVisualStudioVersion = 10.0.40219.1
Project("{FAE04EC0-301F-11D3-BF4B-00C04F79EFBC}") = "test", "test\test.csproj", "{48617EE0-7D8C-46A1-A6B1-CF3FF69CD3A4}"
EndProject
Global
	GlobalSection(SolutionConfigurationPlatforms) = preSolution
		Debug|Any CPU = Debug|Any CPU
		Release|Any CPU = Release|Any CPU
	EndGlobalSection
	GlobalSection(ProjectConfigurationPlatforms) = postSolution
		{48617EE0-7D8C-46A1-A6B1-CF3FF69CD3A4}.Debug|Any CPU.ActiveCfg = Debug|Any CPU
		{48617EE0-7D8C-46A1-A6B1-CF3FF69CD3A4}.Debug|Any CPU.Build.0 = Debug|Any CPU
		{48617EE0-7D8C-46A1-A6B1-CF3FF69CD3A4}.Release|Any CPU.ActiveCfg = Release|Any CPU
		{48617EE0-7D8C-46A1-A6B1-CF3FF69CD3A4}.Release|Any CPU.Build.0 = Release|Any CPU
	EndGlobalSection
	GlobalSection(SolutionProperties) = preSolution
		HideSolutionNode = FALSE
	EndGlobalSection
	GlobalSection(ExtensibilityGlobals) = postSolution
		SolutionGuid = {6B6F83E0-B850-44AF-9279-4B5D98E67930}
	EndGlobalSection
EndGlobal
